
Microsoft Visual Studio Solution File, Format Version 12.00
# Visual Studio Version 16
VisualStudioVersion = 16.0.31019.35
MinimumVisualStudioVersion = 10.0.40219.1
Project("{FAE04EC0-301F-11D3-BF4B-00C04F79EFBC}") = "Basic Calculator CSharp", "Basic Calculator CSharp\Basic Calculator CSharp.csproj", "{83324CCB-A860-49AE-8E40-D218B08FF179}"
EndProject
Global
	GlobalSection(SolutionConfigurationPlatforms) = preSolution
		Debug|Any CPU = Debug|Any CPU
		Release|Any CPU = Release|Any CPU
	EndGlobalSection
	GlobalSection(ProjectConfigurationPlatforms) = postSolution
		{83324CCB-A860-49AE-8E40-D218B08FF179}.Debug|Any CPU.ActiveCfg = Debug|Any CPU
		{83324CCB-A860-49AE-8E40-D218B08FF179}.Debug|Any CPU.Build.0 = Debug|Any CPU
		{83324CCB-A860-49AE-8E40-D218B08FF179}.Release|Any CPU.ActiveCfg = Release|Any CPU
		{83324CCB-A860-49AE-8E40-D218B08FF179}.Release|Any CPU.Build.0 = Release|Any CPU
	EndGlobalSection
	GlobalSection(SolutionProperties) = preSolution
		HideSolutionNode = FALSE
	EndGlobalSection
	GlobalSection(ExtensibilityGlobals) = postSolution
		SolutionGuid = {FEDA594F-D199-43A3-96EE-0E3F3AD021D2}
	EndGlobalSection
EndGlobal
